
Microsoft Visual Studio Solution File, Format Version 12.00
# Visual Studio Version 16
VisualStudioVersion = 16.0.29123.88
MinimumVisualStudioVersion = 10.0.40219.1
Project("{FAE04EC0-301F-11D3-BF4B-00C04F79EFBC}") = "Macchine BGW v2", "Macchine BGW v2.csproj", "{024C8F6D-74E7-4DD9-89D1-B60048075384}"
EndProject
Global
	GlobalSection(SolutionConfigurationPlatforms) = preSolution
		Debug|Any CPU = Debug|Any CPU
		Release|Any CPU = Release|Any CPU
	EndGlobalSection
	GlobalSection(ProjectConfigurationPlatforms) = postSolution
		{024C8F6D-74E7-4DD9-89D1-B60048075384}.Debug|Any CPU.ActiveCfg = Debug|Any CPU
		{024C8F6D-74E7-4DD9-89D1-B60048075384}.Debug|Any CPU.Build.0 = Debug|Any CPU
		{024C8F6D-74E7-4DD9-89D1-B60048075384}.Release|Any CPU.ActiveCfg = Release|Any CPU
		{024C8F6D-74E7-4DD9-89D1-B60048075384}.Release|Any CPU.Build.0 = Release|Any CPU
	EndGlobalSection
	GlobalSection(SolutionProperties) = preSolution
		HideSolutionNode = FALSE
	EndGlobalSection
	GlobalSection(ExtensibilityGlobals) = postSolution
		SolutionGuid = {6A9E123E-B285-4229-9FCB-5A9ADE14C2CD}
	EndGlobalSection
EndGlobal
